// !$*UTF8*$!
{
	archiveVersion = 1;
	classes = {
	};
	objectVersion = 51;
	objects = {

/* Begin PBXBuildFile section */
		071B8276A886A7C7EF3098E8 /* TipsyMocks.generated.swift in Sources */ = {isa = PBXBuildFile; fileRef = 0E5FBB501EB33A7EBB98A0BC /* TipsyMocks.generated.swift */; };
		48E973B9438E814FDEFEA3D7 /* Pods_TipsyTests.framework in Frameworks */ = {isa = PBXBuildFile; fileRef = 2A8FE5ACB178419330D5FBCB /* Pods_TipsyTests.framework */; };
		6B44C94B7493FB62EFA0E892 /* Pods_Tipsy.framework in Frameworks */ = {isa = PBXBuildFile; fileRef = B6A801FDA71869BF51D83CAA /* Pods_Tipsy.framework */; };
		7B0C5894244F9A4B0085ACE4 /* ResultViewController.swift in Sources */ = {isa = PBXBuildFile; fileRef = 7B0C5893244F9A4B0085ACE4 /* ResultViewController.swift */; };
		7B0C5897244F9C360085ACE4 /* BillInfo.swift in Sources */ = {isa = PBXBuildFile; fileRef = 7B0C5896244F9C360085ACE4 /* BillInfo.swift */; };
		7B0C5899244F9C5D0085ACE4 /* BillEngine.swift in Sources */ = {isa = PBXBuildFile; fileRef = 7B0C5898244F9C5D0085ACE4 /* BillEngine.swift */; };
		7B27077D24538AC2009327E6 /* CalculateTipsViewControllerTests.swift in Sources */ = {isa = PBXBuildFile; fileRef = 7B27077C24538AC2009327E6 /* CalculateTipsViewControllerTests.swift */; };
		7B45140D2450DE3900DED3E9 /* BillEngineInterface.swift in Sources */ = {isa = PBXBuildFile; fileRef = 7B45140C2450DE3900DED3E9 /* BillEngineInterface.swift */; };
		7BB74E812457518300A9DA62 /* ResultViewControllerTests.swift in Sources */ = {isa = PBXBuildFile; fileRef = 7BB74E802457518300A9DA62 /* ResultViewControllerTests.swift */; };
		7BB74E832457601800A9DA62 /* UIViewController+Extension.swift in Sources */ = {isa = PBXBuildFile; fileRef = 7BB74E822457601800A9DA62 /* UIViewController+Extension.swift */; };
		7BCACB7B2450A00E00AA5EB1 /* BillEngineTest.swift in Sources */ = {isa = PBXBuildFile; fileRef = 7BCACB7A2450A00E00AA5EB1 /* BillEngineTest.swift */; };
		ADB689532326708D006D4E2B /* AppDelegate.swift in Sources */ = {isa = PBXBuildFile; fileRef = ADB689522326708D006D4E2B /* AppDelegate.swift */; };
		ADB689552326708D006D4E2B /* SceneDelegate.swift in Sources */ = {isa = PBXBuildFile; fileRef = ADB689542326708D006D4E2B /* SceneDelegate.swift */; };
		ADB689572326708D006D4E2B /* TipCalculatorViewController.swift in Sources */ = {isa = PBXBuildFile; fileRef = ADB689562326708D006D4E2B /* TipCalculatorViewController.swift */; };
		ADB6895A2326708D006D4E2B /* Main.storyboard in Resources */ = {isa = PBXBuildFile; fileRef = ADB689582326708D006D4E2B /* Main.storyboard */; };
		ADB6895C2326708E006D4E2B /* Assets.xcassets in Resources */ = {isa = PBXBuildFile; fileRef = ADB6895B2326708E006D4E2B /* Assets.xcassets */; };
		ADB6895F2326708E006D4E2B /* LaunchScreen.storyboard in Resources */ = {isa = PBXBuildFile; fileRef = ADB6895D2326708E006D4E2B /* LaunchScreen.storyboard */; };
/* End PBXBuildFile section */

/* Begin PBXContainerItemProxy section */
		7BCACB7D2450A00E00AA5EB1 /* PBXContainerItemProxy */ = {
			isa = PBXContainerItemProxy;
			containerPortal = ADB689472326708D006D4E2B /* Project object */;
			proxyType = 1;
			remoteGlobalIDString = ADB6894E2326708D006D4E2B;
			remoteInfo = Tipsy;
		};
/* End PBXContainerItemProxy section */

/* Begin PBXFileReference section */
		07489F73F006089A5E7DE7BE /* Pods-Tipsy.debug.xcconfig */ = {isa = PBXFileReference; includeInIndex = 1; lastKnownFileType = text.xcconfig; name = "Pods-Tipsy.debug.xcconfig"; path = "Target Support Files/Pods-Tipsy/Pods-Tipsy.debug.xcconfig"; sourceTree = "<group>"; };
		0E5FBB501EB33A7EBB98A0BC /* TipsyMocks.generated.swift */ = {isa = PBXFileReference; explicitFileType = sourcecode.swift; name = TipsyMocks.generated.swift; path = MockingbirdMocks/TipsyMocks.generated.swift; sourceTree = "<group>"; };
		14AF9DC49DEBBBE2CEF7CB48 /* Pods-Tipsy.release.xcconfig */ = {isa = PBXFileReference; includeInIndex = 1; lastKnownFileType = text.xcconfig; name = "Pods-Tipsy.release.xcconfig"; path = "Target Support Files/Pods-Tipsy/Pods-Tipsy.release.xcconfig"; sourceTree = "<group>"; };
		2A8FE5ACB178419330D5FBCB /* Pods_TipsyTests.framework */ = {isa = PBXFileReference; explicitFileType = wrapper.framework; includeInIndex = 0; path = Pods_TipsyTests.framework; sourceTree = BUILT_PRODUCTS_DIR; };
		38BD7E5BDCD857A986098603 /* Pods-TipsyTests.release.xcconfig */ = {isa = PBXFileReference; includeInIndex = 1; lastKnownFileType = text.xcconfig; name = "Pods-TipsyTests.release.xcconfig"; path = "Target Support Files/Pods-TipsyTests/Pods-TipsyTests.release.xcconfig"; sourceTree = "<group>"; };
		40E9ECA8863C7C24700CC608 /* Pods_TipsyUITests.framework */ = {isa = PBXFileReference; explicitFileType = wrapper.framework; includeInIndex = 0; path = Pods_TipsyUITests.framework; sourceTree = BUILT_PRODUCTS_DIR; };
		575032972458385649E04931 /* Pods-Tipsy-TipsyUITests.release.xcconfig */ = {isa = PBXFileReference; includeInIndex = 1; lastKnownFileType = text.xcconfig; name = "Pods-Tipsy-TipsyUITests.release.xcconfig"; path = "Target Support Files/Pods-Tipsy-TipsyUITests/Pods-Tipsy-TipsyUITests.release.xcconfig"; sourceTree = "<group>"; };
		7B0C5893244F9A4B0085ACE4 /* ResultViewController.swift */ = {isa = PBXFileReference; lastKnownFileType = sourcecode.swift; path = ResultViewController.swift; sourceTree = "<group>"; };
		7B0C5896244F9C360085ACE4 /* BillInfo.swift */ = {isa = PBXFileReference; lastKnownFileType = sourcecode.swift; path = BillInfo.swift; sourceTree = "<group>"; };
		7B0C5898244F9C5D0085ACE4 /* BillEngine.swift */ = {isa = PBXFileReference; lastKnownFileType = sourcecode.swift; path = BillEngine.swift; sourceTree = "<group>"; };
		7B27077C24538AC2009327E6 /* CalculateTipsViewControllerTests.swift */ = {isa = PBXFileReference; lastKnownFileType = sourcecode.swift; path = CalculateTipsViewControllerTests.swift; sourceTree = "<group>"; };
		7B45140C2450DE3900DED3E9 /* BillEngineInterface.swift */ = {isa = PBXFileReference; lastKnownFileType = sourcecode.swift; path = BillEngineInterface.swift; sourceTree = "<group>"; };
		7BB74E802457518300A9DA62 /* ResultViewControllerTests.swift */ = {isa = PBXFileReference; lastKnownFileType = sourcecode.swift; path = ResultViewControllerTests.swift; sourceTree = "<group>"; };
		7BB74E822457601800A9DA62 /* UIViewController+Extension.swift */ = {isa = PBXFileReference; lastKnownFileType = sourcecode.swift; path = "UIViewController+Extension.swift"; sourceTree = "<group>"; };
		7BCACB782450A00E00AA5EB1 /* TipsyTests.xctest */ = {isa = PBXFileReference; explicitFileType = wrapper.cfbundle; includeInIndex = 0; path = TipsyTests.xctest; sourceTree = BUILT_PRODUCTS_DIR; };
		7BCACB7A2450A00E00AA5EB1 /* BillEngineTest.swift */ = {isa = PBXFileReference; lastKnownFileType = sourcecode.swift; path = BillEngineTest.swift; sourceTree = "<group>"; };
		7BCACB7C2450A00E00AA5EB1 /* Info.plist */ = {isa = PBXFileReference; lastKnownFileType = text.plist.xml; path = Info.plist; sourceTree = "<group>"; };
		990F15B30601BD675093CA20 /* TipsyMock-TipsyUITests.generaged.swift */ = {isa = PBXFileReference; explicitFileType = sourcecode.swift; path = "TipsyMock-TipsyUITests.generaged.swift"; sourceTree = "<group>"; };
		A22BA4A3688C63B484FAC97E /* Pods-TipsyTests.debug.xcconfig */ = {isa = PBXFileReference; includeInIndex = 1; lastKnownFileType = text.xcconfig; name = "Pods-TipsyTests.debug.xcconfig"; path = "Target Support Files/Pods-TipsyTests/Pods-TipsyTests.debug.xcconfig"; sourceTree = "<group>"; };
		A5AE557ADF2D2A508D2B694E /* Pods-TipsyUITests.debug.xcconfig */ = {isa = PBXFileReference; includeInIndex = 1; lastKnownFileType = text.xcconfig; name = "Pods-TipsyUITests.debug.xcconfig"; path = "Target Support Files/Pods-TipsyUITests/Pods-TipsyUITests.debug.xcconfig"; sourceTree = "<group>"; };
		ADB6894F2326708D006D4E2B /* Tipsy.app */ = {isa = PBXFileReference; explicitFileType = wrapper.application; includeInIndex = 0; path = Tipsy.app; sourceTree = BUILT_PRODUCTS_DIR; };
		ADB689522326708D006D4E2B /* AppDelegate.swift */ = {isa = PBXFileReference; lastKnownFileType = sourcecode.swift; path = AppDelegate.swift; sourceTree = "<group>"; };
		ADB689542326708D006D4E2B /* SceneDelegate.swift */ = {isa = PBXFileReference; lastKnownFileType = sourcecode.swift; path = SceneDelegate.swift; sourceTree = "<group>"; };
		ADB689562326708D006D4E2B /* TipCalculatorViewController.swift */ = {isa = PBXFileReference; lastKnownFileType = sourcecode.swift; path = TipCalculatorViewController.swift; sourceTree = "<group>"; };
		ADB689592326708D006D4E2B /* Base */ = {isa = PBXFileReference; lastKnownFileType = file.storyboard; name = Base; path = Base.lproj/Main.storyboard; sourceTree = "<group>"; };
		ADB6895B2326708E006D4E2B /* Assets.xcassets */ = {isa = PBXFileReference; lastKnownFileType = folder.assetcatalog; path = Assets.xcassets; sourceTree = "<group>"; };
		ADB6895E2326708E006D4E2B /* Base */ = {isa = PBXFileReference; lastKnownFileType = file.storyboard; name = Base; path = Base.lproj/LaunchScreen.storyboard; sourceTree = "<group>"; };
		ADB689602326708E006D4E2B /* Info.plist */ = {isa = PBXFileReference; lastKnownFileType = text.plist.xml; path = Info.plist; sourceTree = "<group>"; };
		B6A801FDA71869BF51D83CAA /* Pods_Tipsy.framework */ = {isa = PBXFileReference; explicitFileType = wrapper.framework; includeInIndex = 0; path = Pods_Tipsy.framework; sourceTree = BUILT_PRODUCTS_DIR; };
		BE3C420785A00F5954ABCFE9 /* Pods-Tipsy-TipsyUITests.debug.xcconfig */ = {isa = PBXFileReference; includeInIndex = 1; lastKnownFileType = text.xcconfig; name = "Pods-Tipsy-TipsyUITests.debug.xcconfig"; path = "Target Support Files/Pods-Tipsy-TipsyUITests/Pods-Tipsy-TipsyUITests.debug.xcconfig"; sourceTree = "<group>"; };
		E8309F5F2BD5689920B8DBB7 /* Pods-TipsyUITests.release.xcconfig */ = {isa = PBXFileReference; includeInIndex = 1; lastKnownFileType = text.xcconfig; name = "Pods-TipsyUITests.release.xcconfig"; path = "Target Support Files/Pods-TipsyUITests/Pods-TipsyUITests.release.xcconfig"; sourceTree = "<group>"; };
/* End PBXFileReference section */

/* Begin PBXFrameworksBuildPhase section */
		7BCACB752450A00E00AA5EB1 /* Frameworks */ = {
			isa = PBXFrameworksBuildPhase;
			buildActionMask = 2147483647;
			files = (
				48E973B9438E814FDEFEA3D7 /* Pods_TipsyTests.framework in Frameworks */,
			);
			runOnlyForDeploymentPostprocessing = 0;
		};
		ADB6894C2326708D006D4E2B /* Frameworks */ = {
			isa = PBXFrameworksBuildPhase;
			buildActionMask = 2147483647;
			files = (
				6B44C94B7493FB62EFA0E892 /* Pods_Tipsy.framework in Frameworks */,
			);
			runOnlyForDeploymentPostprocessing = 0;
		};
/* End PBXFrameworksBuildPhase section */

/* Begin PBXGroup section */
		2779DF14244E4D6100C07496 /* Views */ = {
			isa = PBXGroup;
			children = (
				ADB689582326708D006D4E2B /* Main.storyboard */,
				7BB74E822457601800A9DA62 /* UIViewController+Extension.swift */,
			);
			path = Views;
			sourceTree = "<group>";
		};
		2779DF15244E4D7500C07496 /* Controllers */ = {
			isa = PBXGroup;
			children = (
				ADB689562326708D006D4E2B /* TipCalculatorViewController.swift */,
				7B0C5893244F9A4B0085ACE4 /* ResultViewController.swift */,
			);
			path = Controllers;
			sourceTree = "<group>";
		};
		4BEBCCDC53730DFDCE6234A7 /* Frameworks */ = {
			isa = PBXGroup;
			children = (
				B6A801FDA71869BF51D83CAA /* Pods_Tipsy.framework */,
				2A8FE5ACB178419330D5FBCB /* Pods_TipsyTests.framework */,
				40E9ECA8863C7C24700CC608 /* Pods_TipsyUITests.framework */,
			);
			name = Frameworks;
			sourceTree = "<group>";
		};
		7B0C5895244F9BE00085ACE4 /* Models */ = {
			isa = PBXGroup;
			children = (
				7B0C5896244F9C360085ACE4 /* BillInfo.swift */,
				7B0C5898244F9C5D0085ACE4 /* BillEngine.swift */,
				7B45140C2450DE3900DED3E9 /* BillEngineInterface.swift */,
			);
			path = Models;
			sourceTree = "<group>";
		};
		7BCACB792450A00E00AA5EB1 /* TipsyTests */ = {
			isa = PBXGroup;
			children = (
				7BCACB7A2450A00E00AA5EB1 /* BillEngineTest.swift */,
				7BCACB7C2450A00E00AA5EB1 /* Info.plist */,
				7B27077C24538AC2009327E6 /* CalculateTipsViewControllerTests.swift */,
				7BB74E802457518300A9DA62 /* ResultViewControllerTests.swift */,
			);
			path = TipsyTests;
			sourceTree = "<group>";
		};
		9E144DDE917F64751FF13B4A /* Generated Mocks */ = {
			isa = PBXGroup;
			children = (
				0E5FBB501EB33A7EBB98A0BC /* TipsyMocks.generated.swift */,
				990F15B30601BD675093CA20 /* TipsyMock-TipsyUITests.generaged.swift */,
			);
			name = "Generated Mocks";
			sourceTree = "<group>";
		};
		ADB689462326708D006D4E2B = {
			isa = PBXGroup;
			children = (
				ADB689512326708D006D4E2B /* Tipsy */,
				7BCACB792450A00E00AA5EB1 /* TipsyTests */,
				ADB689502326708D006D4E2B /* Products */,
				D3CDDAD4AE736162EF0A80CA /* Pods */,
				4BEBCCDC53730DFDCE6234A7 /* Frameworks */,
				9E144DDE917F64751FF13B4A /* Generated Mocks */,
			);
			sourceTree = "<group>";
		};
		ADB689502326708D006D4E2B /* Products */ = {
			isa = PBXGroup;
			children = (
				ADB6894F2326708D006D4E2B /* Tipsy.app */,
				7BCACB782450A00E00AA5EB1 /* TipsyTests.xctest */,
			);
			name = Products;
			sourceTree = "<group>";
		};
		ADB689512326708D006D4E2B /* Tipsy */ = {
			isa = PBXGroup;
			children = (
				7B0C5895244F9BE00085ACE4 /* Models */,
				ADB689522326708D006D4E2B /* AppDelegate.swift */,
				ADB689542326708D006D4E2B /* SceneDelegate.swift */,
				2779DF15244E4D7500C07496 /* Controllers */,
				2779DF14244E4D6100C07496 /* Views */,
				ADB6895B2326708E006D4E2B /* Assets.xcassets */,
				ADB6895D2326708E006D4E2B /* LaunchScreen.storyboard */,
				ADB689602326708E006D4E2B /* Info.plist */,
			);
			path = Tipsy;
			sourceTree = "<group>";
		};
		D3CDDAD4AE736162EF0A80CA /* Pods */ = {
			isa = PBXGroup;
			children = (
				07489F73F006089A5E7DE7BE /* Pods-Tipsy.debug.xcconfig */,
				14AF9DC49DEBBBE2CEF7CB48 /* Pods-Tipsy.release.xcconfig */,
				BE3C420785A00F5954ABCFE9 /* Pods-Tipsy-TipsyUITests.debug.xcconfig */,
				575032972458385649E04931 /* Pods-Tipsy-TipsyUITests.release.xcconfig */,
				A22BA4A3688C63B484FAC97E /* Pods-TipsyTests.debug.xcconfig */,
				38BD7E5BDCD857A986098603 /* Pods-TipsyTests.release.xcconfig */,
				A5AE557ADF2D2A508D2B694E /* Pods-TipsyUITests.debug.xcconfig */,
				E8309F5F2BD5689920B8DBB7 /* Pods-TipsyUITests.release.xcconfig */,
			);
			path = Pods;
			sourceTree = "<group>";
		};
/* End PBXGroup section */

/* Begin PBXNativeTarget section */
		7BCACB772450A00E00AA5EB1 /* TipsyTests */ = {
			isa = PBXNativeTarget;
			buildConfigurationList = 7BCACB812450A00E00AA5EB1 /* Build configuration list for PBXNativeTarget "TipsyTests" */;
			buildPhases = (
				707DA2E0A1851D034357D7A8 /* [CP] Check Pods Manifest.lock */,
				BBDF3CFA5A64029EAED3BF07 /* Clean Mockingbird Mocks */,
				2532B7948D07A1E8477B71DA /* Generate Mockingbird Mocks */,
				7BCACB742450A00E00AA5EB1 /* Sources */,
				7BCACB752450A00E00AA5EB1 /* Frameworks */,
				7BCACB762450A00E00AA5EB1 /* Resources */,
				090A0BBBC26F68FC63D4FE06 /* [CP] Embed Pods Frameworks */,
			);
			buildRules = (
			);
			dependencies = (
				7BCACB7E2450A00E00AA5EB1 /* PBXTargetDependency */,
			);
			name = TipsyTests;
			productName = TipsyTests;
			productReference = 7BCACB782450A00E00AA5EB1 /* TipsyTests.xctest */;
			productType = "com.apple.product-type.bundle.unit-test";
		};
		ADB6894E2326708D006D4E2B /* Tipsy */ = {
			isa = PBXNativeTarget;
			buildConfigurationList = ADB689632326708E006D4E2B /* Build configuration list for PBXNativeTarget "Tipsy" */;
			buildPhases = (
				A93FBD645CD70C5C6AA8AEDA /* [CP] Check Pods Manifest.lock */,
				ADB6894B2326708D006D4E2B /* Sources */,
				ADB6894C2326708D006D4E2B /* Frameworks */,
				ADB6894D2326708D006D4E2B /* Resources */,
			);
			buildRules = (
			);
			dependencies = (
			);
			name = Tipsy;
			productName = Tipsy;
			productReference = ADB6894F2326708D006D4E2B /* Tipsy.app */;
			productType = "com.apple.product-type.application";
		};
/* End PBXNativeTarget section */

/* Begin PBXProject section */
		ADB689472326708D006D4E2B /* Project object */ = {
			isa = PBXProject;
			attributes = {
				LastSwiftUpdateCheck = 1140;
				LastUpgradeCheck = 1100;
				ORGANIZATIONNAME = "The App Brewery";
				TargetAttributes = {
					7BCACB772450A00E00AA5EB1 = {
						CreatedOnToolsVersion = 11.4;
						TestTargetID = ADB6894E2326708D006D4E2B;
					};
					ADB6894E2326708D006D4E2B = {
						CreatedOnToolsVersion = 11.0;
					};
				};
			};
			buildConfigurationList = ADB6894A2326708D006D4E2B /* Build configuration list for PBXProject "Tipsy" */;
			compatibilityVersion = "Xcode 9.3";
			developmentRegion = en;
			hasScannedForEncodings = 0;
			knownRegions = (
				en,
				Base,
			);
			mainGroup = ADB689462326708D006D4E2B;
			productRefGroup = ADB689502326708D006D4E2B /* Products */;
			projectDirPath = "";
			projectRoot = "";
			targets = (
				ADB6894E2326708D006D4E2B /* Tipsy */,
				7BCACB772450A00E00AA5EB1 /* TipsyTests */,
			);
		};
/* End PBXProject section */

/* Begin PBXResourcesBuildPhase section */
		7BCACB762450A00E00AA5EB1 /* Resources */ = {
			isa = PBXResourcesBuildPhase;
			buildActionMask = 2147483647;
			files = (
			);
			runOnlyForDeploymentPostprocessing = 0;
		};
		ADB6894D2326708D006D4E2B /* Resources */ = {
			isa = PBXResourcesBuildPhase;
			buildActionMask = 2147483647;
			files = (
				ADB6895F2326708E006D4E2B /* LaunchScreen.storyboard in Resources */,
				ADB6895C2326708E006D4E2B /* Assets.xcassets in Resources */,
				ADB6895A2326708D006D4E2B /* Main.storyboard in Resources */,
			);
			runOnlyForDeploymentPostprocessing = 0;
		};
/* End PBXResourcesBuildPhase section */

/* Begin PBXShellScriptBuildPhase section */
		090A0BBBC26F68FC63D4FE06 /* [CP] Embed Pods Frameworks */ = {
			isa = PBXShellScriptBuildPhase;
			buildActionMask = 2147483647;
			files = (
			);
			inputFileListPaths = (
				"${PODS_ROOT}/Target Support Files/Pods-TipsyTests/Pods-TipsyTests-frameworks-${CONFIGURATION}-input-files.xcfilelist",
			);
			name = "[CP] Embed Pods Frameworks";
			outputFileListPaths = (
				"${PODS_ROOT}/Target Support Files/Pods-TipsyTests/Pods-TipsyTests-frameworks-${CONFIGURATION}-output-files.xcfilelist",
			);
			runOnlyForDeploymentPostprocessing = 0;
			shellPath = /bin/sh;
			shellScript = "\"${PODS_ROOT}/Target Support Files/Pods-TipsyTests/Pods-TipsyTests-frameworks.sh\"\n";
			showEnvVarsInLog = 0;
		};
		2532B7948D07A1E8477B71DA /* Generate Mockingbird Mocks */ = {
			isa = PBXShellScriptBuildPhase;
			buildActionMask = 2147483647;
			files = (
			);
			inputPaths = (
				"/tmp/Mockingbird-E1240D89-C4D9-41EB-B080-196FF80D8076",
			);
			name = "Generate Mockingbird Mocks";
			outputPaths = (
				"$(SRCROOT)/MockingbirdMocks/TipsyMocks.generated.swift",
			);
			runOnlyForDeploymentPostprocessing = 0;
			shellPath = /bin/sh;
			shellScript = "mockingbird generate \\\n  --targets 'Tipsy' \\\n  --outputs \"${SRCROOT}/MockingbirdMocks/TipsyMocks.generated.swift\" \\\n  --support \"${SRCROOT}/MockingbirdSupport\"\n\n# Ensure mocks are generated prior to running Compile Sources\nrm -f '/tmp/Mockingbird-E1240D89-C4D9-41EB-B080-196FF80D8076'\n";
		};
		707DA2E0A1851D034357D7A8 /* [CP] Check Pods Manifest.lock */ = {
			isa = PBXShellScriptBuildPhase;
			buildActionMask = 2147483647;
			files = (
			);
			inputFileListPaths = (
			);
			inputPaths = (
				"${PODS_PODFILE_DIR_PATH}/Podfile.lock",
				"${PODS_ROOT}/Manifest.lock",
			);
			name = "[CP] Check Pods Manifest.lock";
			outputFileListPaths = (
			);
			outputPaths = (
				"$(DERIVED_FILE_DIR)/Pods-TipsyTests-checkManifestLockResult.txt",
			);
			runOnlyForDeploymentPostprocessing = 0;
			shellPath = /bin/sh;
			shellScript = "diff \"${PODS_PODFILE_DIR_PATH}/Podfile.lock\" \"${PODS_ROOT}/Manifest.lock\" > /dev/null\nif [ $? != 0 ] ; then\n    # print error to STDERR\n    echo \"error: The sandbox is not in sync with the Podfile.lock. Run 'pod install' or update your CocoaPods installation.\" >&2\n    exit 1\nfi\n# This output is used by Xcode 'outputs' to avoid re-running this script phase.\necho \"SUCCESS\" > \"${SCRIPT_OUTPUT_FILE_0}\"\n";
			showEnvVarsInLog = 0;
		};
		A93FBD645CD70C5C6AA8AEDA /* [CP] Check Pods Manifest.lock */ = {
			isa = PBXShellScriptBuildPhase;
			buildActionMask = 2147483647;
			files = (
			);
			inputFileListPaths = (
			);
			inputPaths = (
				"${PODS_PODFILE_DIR_PATH}/Podfile.lock",
				"${PODS_ROOT}/Manifest.lock",
			);
			name = "[CP] Check Pods Manifest.lock";
			outputFileListPaths = (
			);
			outputPaths = (
				"$(DERIVED_FILE_DIR)/Pods-Tipsy-checkManifestLockResult.txt",
			);
			runOnlyForDeploymentPostprocessing = 0;
			shellPath = /bin/sh;
			shellScript = "diff \"${PODS_PODFILE_DIR_PATH}/Podfile.lock\" \"${PODS_ROOT}/Manifest.lock\" > /dev/null\nif [ $? != 0 ] ; then\n    # print error to STDERR\n    echo \"error: The sandbox is not in sync with the Podfile.lock. Run 'pod install' or update your CocoaPods installation.\" >&2\n    exit 1\nfi\n# This output is used by Xcode 'outputs' to avoid re-running this script phase.\necho \"SUCCESS\" > \"${SCRIPT_OUTPUT_FILE_0}\"\n";
			showEnvVarsInLog = 0;
		};
		BBDF3CFA5A64029EAED3BF07 /* Clean Mockingbird Mocks */ = {
			isa = PBXShellScriptBuildPhase;
			buildActionMask = 2147483647;
			files = (
			);
			inputPaths = (
			);
			name = "Clean Mockingbird Mocks";
			outputPaths = (
				"/tmp/Mockingbird-E1240D89-C4D9-41EB-B080-196FF80D8076",
			);
			runOnlyForDeploymentPostprocessing = 0;
			shellPath = /bin/sh;
			shellScript = "echo $RANDOM > '/tmp/Mockingbird-E1240D89-C4D9-41EB-B080-196FF80D8076'\n";
		};
/* End PBXShellScriptBuildPhase section */

/* Begin PBXSourcesBuildPhase section */
		7BCACB742450A00E00AA5EB1 /* Sources */ = {
			isa = PBXSourcesBuildPhase;
			buildActionMask = 2147483647;
			files = (
				7BCACB7B2450A00E00AA5EB1 /* BillEngineTest.swift in Sources */,
				071B8276A886A7C7EF3098E8 /* TipsyMocks.generated.swift in Sources */,
				7B27077D24538AC2009327E6 /* CalculateTipsViewControllerTests.swift in Sources */,
				7BB74E812457518300A9DA62 /* ResultViewControllerTests.swift in Sources */,
			);
			runOnlyForDeploymentPostprocessing = 0;
		};
		ADB6894B2326708D006D4E2B /* Sources */ = {
			isa = PBXSourcesBuildPhase;
			buildActionMask = 2147483647;
			files = (
				7BB74E832457601800A9DA62 /* UIViewController+Extension.swift in Sources */,
				ADB689572326708D006D4E2B /* TipCalculatorViewController.swift in Sources */,
				ADB689532326708D006D4E2B /* AppDelegate.swift in Sources */,
				7B45140D2450DE3900DED3E9 /* BillEngineInterface.swift in Sources */,
				7B0C5897244F9C360085ACE4 /* BillInfo.swift in Sources */,
				ADB689552326708D006D4E2B /* SceneDelegate.swift in Sources */,
				7B0C5899244F9C5D0085ACE4 /* BillEngine.swift in Sources */,
				7B0C5894244F9A4B0085ACE4 /* ResultViewController.swift in Sources */,
			);
			runOnlyForDeploymentPostprocessing = 0;
		};
/* End PBXSourcesBuildPhase section */

/* Begin PBXTargetDependency section */
		7BCACB7E2450A00E00AA5EB1 /* PBXTargetDependency */ = {
			isa = PBXTargetDependency;
			target = ADB6894E2326708D006D4E2B /* Tipsy */;
			targetProxy = 7BCACB7D2450A00E00AA5EB1 /* PBXContainerItemProxy */;
		};
/* End PBXTargetDependency section */

/* Begin PBXVariantGroup section */
		ADB689582326708D006D4E2B /* Main.storyboard */ = {
			isa = PBXVariantGroup;
			children = (
				ADB689592326708D006D4E2B /* Base */,
			);
			name = Main.storyboard;
			sourceTree = "<group>";
		};
		ADB6895D2326708E006D4E2B /* LaunchScreen.storyboard */ = {
			isa = PBXVariantGroup;
			children = (
				ADB6895E2326708E006D4E2B /* Base */,
			);
			name = LaunchScreen.storyboard;
			sourceTree = "<group>";
		};
/* End PBXVariantGroup section */

/* Begin XCBuildConfiguration section */
		7BCACB7F2450A00E00AA5EB1 /* Debug */ = {
			isa = XCBuildConfiguration;
			baseConfigurationReference = A22BA4A3688C63B484FAC97E /* Pods-TipsyTests.debug.xcconfig */;
			buildSettings = {
				BUNDLE_LOADER = "$(TEST_HOST)";
				CODE_SIGN_STYLE = Automatic;
				DEVELOPMENT_TEAM = QDNR9L3F9L;
				INFOPLIST_FILE = TipsyTests/Info.plist;
				IPHONEOS_DEPLOYMENT_TARGET = 13.0;
				LD_RUNPATH_SEARCH_PATHS = (
					"$(inherited)",
					"@executable_path/Frameworks",
					"@loader_path/Frameworks",
				);
				PRODUCT_BUNDLE_IDENTIFIER = com.ali9nsource.TipsyTests;
				PRODUCT_NAME = "$(TARGET_NAME)";
				SWIFT_VERSION = 5.0;
				TARGETED_DEVICE_FAMILY = "1,2";
				TEST_HOST = "$(BUILT_PRODUCTS_DIR)/Tipsy.app/Tipsy";
			};
			name = Debug;
		};
		7BCACB802450A00E00AA5EB1 /* Release */ = {
			isa = XCBuildConfiguration;
			baseConfigurationReference = 38BD7E5BDCD857A986098603 /* Pods-TipsyTests.release.xcconfig */;
			buildSettings = {
				BUNDLE_LOADER = "$(TEST_HOST)";
				CODE_SIGN_STYLE = Automatic;
				DEVELOPMENT_TEAM = QDNR9L3F9L;
				INFOPLIST_FILE = TipsyTests/Info.plist;
				IPHONEOS_DEPLOYMENT_TARGET = 13.0;
				LD_RUNPATH_SEARCH_PATHS = (
					"$(inherited)",
					"@executable_path/Frameworks",
					"@loader_path/Frameworks",
				);
				PRODUCT_BUNDLE_IDENTIFIER = com.ali9nsource.TipsyTests;
				PRODUCT_NAME = "$(TARGET_NAME)";
				SWIFT_VERSION = 5.0;
				TARGETED_DEVICE_FAMILY = "1,2";
				TEST_HOST = "$(BUILT_PRODUCTS_DIR)/Tipsy.app/Tipsy";
			};
			name = Release;
		};
		ADB689612326708E006D4E2B /* Debug */ = {
			isa = XCBuildConfiguration;
			buildSettings = {
				ALWAYS_SEARCH_USER_PATHS = NO;
				CLANG_ANALYZER_NONNULL = YES;
				CLANG_ANALYZER_NUMBER_OBJECT_CONVERSION = YES_AGGRESSIVE;
				CLANG_CXX_LANGUAGE_STANDARD = "gnu++14";
				CLANG_CXX_LIBRARY = "libc++";
				CLANG_ENABLE_MODULES = YES;
				CLANG_ENABLE_OBJC_ARC = YES;
				CLANG_ENABLE_OBJC_WEAK = YES;
				CLANG_WARN_BLOCK_CAPTURE_AUTORELEASING = YES;
				CLANG_WARN_BOOL_CONVERSION = YES;
				CLANG_WARN_COMMA = YES;
				CLANG_WARN_CONSTANT_CONVERSION = YES;
				CLANG_WARN_DEPRECATED_OBJC_IMPLEMENTATIONS = YES;
				CLANG_WARN_DIRECT_OBJC_ISA_USAGE = YES_ERROR;
				CLANG_WARN_DOCUMENTATION_COMMENTS = YES;
				CLANG_WARN_EMPTY_BODY = YES;
				CLANG_WARN_ENUM_CONVERSION = YES;
				CLANG_WARN_INFINITE_RECURSION = YES;
				CLANG_WARN_INT_CONVERSION = YES;
				CLANG_WARN_NON_LITERAL_NULL_CONVERSION = YES;
				CLANG_WARN_OBJC_IMPLICIT_RETAIN_SELF = YES;
				CLANG_WARN_OBJC_LITERAL_CONVERSION = YES;
				CLANG_WARN_OBJC_ROOT_CLASS = YES_ERROR;
				CLANG_WARN_RANGE_LOOP_ANALYSIS = YES;
				CLANG_WARN_STRICT_PROTOTYPES = YES;
				CLANG_WARN_SUSPICIOUS_MOVE = YES;
				CLANG_WARN_UNGUARDED_AVAILABILITY = YES_AGGRESSIVE;
				CLANG_WARN_UNREACHABLE_CODE = YES;
				CLANG_WARN__DUPLICATE_METHOD_MATCH = YES;
				COPY_PHASE_STRIP = NO;
				DEBUG_INFORMATION_FORMAT = dwarf;
				ENABLE_STRICT_OBJC_MSGSEND = YES;
				ENABLE_TESTABILITY = YES;
				GCC_C_LANGUAGE_STANDARD = gnu11;
				GCC_DYNAMIC_NO_PIC = NO;
				GCC_NO_COMMON_BLOCKS = YES;
				GCC_OPTIMIZATION_LEVEL = 0;
				GCC_PREPROCESSOR_DEFINITIONS = (
					"DEBUG=1",
					"$(inherited)",
				);
				GCC_WARN_64_TO_32_BIT_CONVERSION = YES;
				GCC_WARN_ABOUT_RETURN_TYPE = YES_ERROR;
				GCC_WARN_UNDECLARED_SELECTOR = YES;
				GCC_WARN_UNINITIALIZED_AUTOS = YES_AGGRESSIVE;
				GCC_WARN_UNUSED_FUNCTION = YES;
				GCC_WARN_UNUSED_VARIABLE = YES;
				IPHONEOS_DEPLOYMENT_TARGET = 13.0;
				MTL_ENABLE_DEBUG_INFO = INCLUDE_SOURCE;
				MTL_FAST_MATH = YES;
				ONLY_ACTIVE_ARCH = YES;
				SDKROOT = iphoneos;
				SWIFT_ACTIVE_COMPILATION_CONDITIONS = DEBUG;
				SWIFT_OPTIMIZATION_LEVEL = "-Onone";
			};
			name = Debug;
		};
		ADB689622326708E006D4E2B /* Release */ = {
			isa = XCBuildConfiguration;
			buildSettings = {
				ALWAYS_SEARCH_USER_PATHS = NO;
				CLANG_ANALYZER_NONNULL = YES;
				CLANG_ANALYZER_NUMBER_OBJECT_CONVERSION = YES_AGGRESSIVE;
				CLANG_CXX_LANGUAGE_STANDARD = "gnu++14";
				CLANG_CXX_LIBRARY = "libc++";
				CLANG_ENABLE_MODULES = YES;
				CLANG_ENABLE_OBJC_ARC = YES;
				CLANG_ENABLE_OBJC_WEAK = YES;
				CLANG_WARN_BLOCK_CAPTURE_AUTORELEASING = YES;
				CLANG_WARN_BOOL_CONVERSION = YES;
				CLANG_WARN_COMMA = YES;
				CLANG_WARN_CONSTANT_CONVERSION = YES;
				CLANG_WARN_DEPRECATED_OBJC_IMPLEMENTATIONS = YES;
				CLANG_WARN_DIRECT_OBJC_ISA_USAGE = YES_ERROR;
				CLANG_WARN_DOCUMENTATION_COMMENTS = YES;
				CLANG_WARN_EMPTY_BODY = YES;
				CLANG_WARN_ENUM_CONVERSION = YES;
				CLANG_WARN_INFINITE_RECURSION = YES;
				CLANG_WARN_INT_CONVERSION = YES;
				CLANG_WARN_NON_LITERAL_NULL_CONVERSION = YES;
				CLANG_WARN_OBJC_IMPLICIT_RETAIN_SELF = YES;
				CLANG_WARN_OBJC_LITERAL_CONVERSION = YES;
				CLANG_WARN_OBJC_ROOT_CLASS = YES_ERROR;
				CLANG_WARN_RANGE_LOOP_ANALYSIS = YES;
				CLANG_WARN_STRICT_PROTOTYPES = YES;
				CLANG_WARN_SUSPICIOUS_MOVE = YES;
				CLANG_WARN_UNGUARDED_AVAILABILITY = YES_AGGRESSIVE;
				CLANG_WARN_UNREACHABLE_CODE = YES;
				CLANG_WARN__DUPLICATE_METHOD_MATCH = YES;
				COPY_PHASE_STRIP = NO;
				DEBUG_INFORMATION_FORMAT = "dwarf-with-dsym";
				ENABLE_NS_ASSERTIONS = NO;
				ENABLE_STRICT_OBJC_MSGSEND = YES;
				GCC_C_LANGUAGE_STANDARD = gnu11;
				GCC_NO_COMMON_BLOCKS = YES;
				GCC_WARN_64_TO_32_BIT_CONVERSION = YES;
				GCC_WARN_ABOUT_RETURN_TYPE = YES_ERROR;
				GCC_WARN_UNDECLARED_SELECTOR = YES;
				GCC_WARN_UNINITIALIZED_AUTOS = YES_AGGRESSIVE;
				GCC_WARN_UNUSED_FUNCTION = YES;
				GCC_WARN_UNUSED_VARIABLE = YES;
				IPHONEOS_DEPLOYMENT_TARGET = 13.0;
				MTL_ENABLE_DEBUG_INFO = NO;
				MTL_FAST_MATH = YES;
				SDKROOT = iphoneos;
				SWIFT_COMPILATION_MODE = wholemodule;
				SWIFT_OPTIMIZATION_LEVEL = "-O";
				VALIDATE_PRODUCT = YES;
			};
			name = Release;
		};
		ADB689642326708E006D4E2B /* Debug */ = {
			isa = XCBuildConfiguration;
			baseConfigurationReference = 07489F73F006089A5E7DE7BE /* Pods-Tipsy.debug.xcconfig */;
			buildSettings = {
				ASSETCATALOG_COMPILER_APPICON_NAME = AppIcon;
				CODE_SIGN_STYLE = Automatic;
				DEVELOPMENT_TEAM = QDNR9L3F9L;
				INFOPLIST_FILE = Tipsy/Info.plist;
				LD_RUNPATH_SEARCH_PATHS = (
					"$(inherited)",
					"@executable_path/Frameworks",
				);
				PRODUCT_BUNDLE_IDENTIFIER = com.ali9nsource.tipscalculator;
				PRODUCT_NAME = "$(TARGET_NAME)";
				SWIFT_VERSION = 5.0;
				TARGETED_DEVICE_FAMILY = "1,2";
			};
			name = Debug;
		};
		ADB689652326708E006D4E2B /* Release */ = {
			isa = XCBuildConfiguration;
			baseConfigurationReference = 14AF9DC49DEBBBE2CEF7CB48 /* Pods-Tipsy.release.xcconfig */;
			buildSettings = {
				ASSETCATALOG_COMPILER_APPICON_NAME = AppIcon;
				CODE_SIGN_STYLE = Automatic;
				DEVELOPMENT_TEAM = QDNR9L3F9L;
				INFOPLIST_FILE = Tipsy/Info.plist;
				LD_RUNPATH_SEARCH_PATHS = (
					"$(inherited)",
					"@executable_path/Frameworks",
				);
				PRODUCT_BUNDLE_IDENTIFIER = com.ali9nsource.tipscalculator;
				PRODUCT_NAME = "$(TARGET_NAME)";
				SWIFT_VERSION = 5.0;
				TARGETED_DEVICE_FAMILY = "1,2";
			};
			name = Release;
		};
/* End XCBuildConfiguration section */

/* Begin XCConfigurationList section */
		7BCACB812450A00E00AA5EB1 /* Build configuration list for PBXNativeTarget "TipsyTests" */ = {
			isa = XCConfigurationList;
			buildConfigurations = (
				7BCACB7F2450A00E00AA5EB1 /* Debug */,
				7BCACB802450A00E00AA5EB1 /* Release */,
			);
			defaultConfigurationIsVisible = 0;
			defaultConfigurationName = Release;
		};
		ADB6894A2326708D006D4E2B /* Build configuration list for PBXProject "Tipsy" */ = {
			isa = XCConfigurationList;
			buildConfigurations = (
				ADB689612326708E006D4E2B /* Debug */,
				ADB689622326708E006D4E2B /* Release */,
			);
			defaultConfigurationIsVisible = 0;
			defaultConfigurationName = Release;
		};
		ADB689632326708E006D4E2B /* Build configuration list for PBXNativeTarget "Tipsy" */ = {
			isa = XCConfigurationList;
			buildConfigurations = (
				ADB689642326708E006D4E2B /* Debug */,
				ADB689652326708E006D4E2B /* Release */,
			);
			defaultConfigurationIsVisible = 0;
			defaultConfigurationName = Release;
		};
/* End XCConfigurationList section */
	};
	rootObject = ADB689472326708D006D4E2B /* Project object */;
}
